
Microsoft Visual Studio Solution File, Format Version 12.00
# Visual Studio Version 17
VisualStudioVersion = 17.0.31611.283
MinimumVisualStudioVersion = 10.0.40219.1
Project("{9A19103F-16F7-4668-BE54-9A1E7A4F7556}") = "FoodToTry", "FoodToTry\FoodToTry.csproj", "{3D4C0A77-2710-407F-9E35-8ADEF6E0A03F}"
EndProject
Project("{FAE04EC0-301F-11D3-BF4B-00C04F79EFBC}") = "Domain", "Domain\Domain.csproj", "{3F858B3F-2E49-464B-B592-D7016F011161}"
EndProject
Project("{FAE04EC0-301F-11D3-BF4B-00C04F79EFBC}") = "Domain.Abstractions", "Domain.Abstractions\Domain.Abstractions.csproj", "{6879D133-1653-4EC1-B65B-0ADCD5CD6746}"
EndProject
Project("{FAE04EC0-301F-11D3-BF4B-00C04F79EFBC}") = "Infrastructure", "Infrastructure\Infrastructure.csproj", "{4A7A0B74-D1E2-49FE-ABA0-7CCA1CD5400A}"
EndProject
Project("{FAE04EC0-301F-11D3-BF4B-00C04F79EFBC}") = "Infrastructure.Abstractions", "Infrastructure.Abstractions\Infrastructure.Abstractions.csproj", "{4913428F-93FC-4B12-B18A-52A9110CEB7B}"
EndProject
Global
	GlobalSection(SolutionConfigurationPlatforms) = preSolution
		Debug|Any CPU = Debug|Any CPU
		Release|Any CPU = Release|Any CPU
	EndGlobalSection
	GlobalSection(ProjectConfigurationPlatforms) = postSolution
		{3D4C0A77-2710-407F-9E35-8ADEF6E0A03F}.Debug|Any CPU.ActiveCfg = Debug|Any CPU
		{3D4C0A77-2710-407F-9E35-8ADEF6E0A03F}.Debug|Any CPU.Build.0 = Debug|Any CPU
		{3D4C0A77-2710-407F-9E35-8ADEF6E0A03F}.Debug|Any CPU.Deploy.0 = Debug|Any CPU
		{3D4C0A77-2710-407F-9E35-8ADEF6E0A03F}.Release|Any CPU.ActiveCfg = Release|Any CPU
		{3D4C0A77-2710-407F-9E35-8ADEF6E0A03F}.Release|Any CPU.Build.0 = Release|Any CPU
		{3D4C0A77-2710-407F-9E35-8ADEF6E0A03F}.Release|Any CPU.Deploy.0 = Release|Any CPU
		{3F858B3F-2E49-464B-B592-D7016F011161}.Debug|Any CPU.ActiveCfg = Debug|Any CPU
		{3F858B3F-2E49-464B-B592-D7016F011161}.Debug|Any CPU.Build.0 = Debug|Any CPU
		{3F858B3F-2E49-464B-B592-D7016F011161}.Release|Any CPU.ActiveCfg = Release|Any CPU
		{3F858B3F-2E49-464B-B592-D7016F011161}.Release|Any CPU.Build.0 = Release|Any CPU
		{6879D133-1653-4EC1-B65B-0ADCD5CD6746}.Debug|Any CPU.ActiveCfg = Debug|Any CPU
		{6879D133-1653-4EC1-B65B-0ADCD5CD6746}.Debug|Any CPU.Build.0 = Debug|Any CPU
		{6879D133-1653-4EC1-B65B-0ADCD5CD6746}.Release|Any CPU.ActiveCfg = Release|Any CPU
		{6879D133-1653-4EC1-B65B-0ADCD5CD6746}.Release|Any CPU.Build.0 = Release|Any CPU
		{4A7A0B74-D1E2-49FE-ABA0-7CCA1CD5400A}.Debug|Any CPU.ActiveCfg = Debug|Any CPU
		{4A7A0B74-D1E2-49FE-ABA0-7CCA1CD5400A}.Debug|Any CPU.Build.0 = Debug|Any CPU
		{4A7A0B74-D1E2-49FE-ABA0-7CCA1CD5400A}.Release|Any CPU.ActiveCfg = Release|Any CPU
		{4A7A0B74-D1E2-49FE-ABA0-7CCA1CD5400A}.Release|Any CPU.Build.0 = Release|Any CPU
		{4913428F-93FC-4B12-B18A-52A9110CEB7B}.Debug|Any CPU.ActiveCfg = Debug|Any CPU
		{4913428F-93FC-4B12-B18A-52A9110CEB7B}.Debug|Any CPU.Build.0 = Debug|Any CPU
		{4913428F-93FC-4B12-B18A-52A9110CEB7B}.Release|Any CPU.ActiveCfg = Release|Any CPU
		{4913428F-93FC-4B12-B18A-52A9110CEB7B}.Release|Any CPU.Build.0 = Release|Any CPU
	EndGlobalSection
	GlobalSection(SolutionProperties) = preSolution
		HideSolutionNode = FALSE
	EndGlobalSection
	GlobalSection(ExtensibilityGlobals) = postSolution
		SolutionGuid = {61F7FB11-1E47-470C-91E2-47F8143E1572}
	EndGlobalSection
EndGlobal
